# THIS IS AN AUTOGENERATED FILE. DO NOT EDIT THIS FILE DIRECTLY.
# yarn lockfile v1


events@^3.3.0:
  version "3.3.0"
  resolved "https://registry.yarnpkg.com/events/-/events-3.3.0.tgz#31a95ad0a924e2d2c419a813aeb2c4e878ea7400"
  integrity sha512-mQw+2fkQbALzQ7V0MY0IqdnXNOeTtP4r0lN9z7AAawCXgqea7bDii20AYrIBrFd/Hx0M2Ocz6S111CaFkUcb0Q==

pod-install@^0.1.32:
  version "0.1.32"
  resolved "https://registry.yarnpkg.com/pod-install/-/pod-install-0.1.32.tgz#2cafa6c0f7428738a560e0495a02e1e5778a944d"
  integrity sha512-o0qH9bcpzJW43d3pFQfs1+k7Su6oQGUugejmgg05X+i4fpFLPITsbOWzm5CHlWOc5RcSLOh0CzAbqni/k8cNeg==
